
Microsoft Visual Studio Solution File, Format Version 12.00
# Visual Studio Version 16
VisualStudioVersion = 16.0.31112.23
MinimumVisualStudioVersion = 10.0.40219.1
Project("{FAE04EC0-301F-11D3-BF4B-00C04F79EFBC}") = "MusicPlayer.BLL", "MusicPlayer.BLL\MusicPlayer.BLL.csproj", "{3FA35ED0-5A24-4DD5-A812-58DDAA5DAC09}"
EndProject
Project("{FAE04EC0-301F-11D3-BF4B-00C04F79EFBC}") = "MusicPlayer.DAL", "MusicPlayer.DAL\MusicPlayer.DAL.csproj", "{1064C157-EFD2-4E76-9A67-E0E5FEB3F0C4}"
EndProject
Project("{FAE04EC0-301F-11D3-BF4B-00C04F79EFBC}") = "MusicPlayer.UI", "MusicPlayer.UI\MusicPlayer.UI.csproj", "{20BB11F0-61C3-42C2-9AFD-160DBE06DF60}"
EndProject
Global
	GlobalSection(SolutionConfigurationPlatforms) = preSolution
		Debug|Any CPU = Debug|Any CPU
		Release|Any CPU = Release|Any CPU
	EndGlobalSection
	GlobalSection(ProjectConfigurationPlatforms) = postSolution
		{3FA35ED0-5A24-4DD5-A812-58DDAA5DAC09}.Debug|Any CPU.ActiveCfg = Debug|Any CPU
		{3FA35ED0-5A24-4DD5-A812-58DDAA5DAC09}.Debug|Any CPU.Build.0 = Debug|Any CPU
		{3FA35ED0-5A24-4DD5-A812-58DDAA5DAC09}.Release|Any CPU.ActiveCfg = Release|Any CPU
		{3FA35ED0-5A24-4DD5-A812-58DDAA5DAC09}.Release|Any CPU.Build.0 = Release|Any CPU
		{1064C157-EFD2-4E76-9A67-E0E5FEB3F0C4}.Debug|Any CPU.ActiveCfg = Debug|Any CPU
		{1064C157-EFD2-4E76-9A67-E0E5FEB3F0C4}.Debug|Any CPU.Build.0 = Debug|Any CPU
		{1064C157-EFD2-4E76-9A67-E0E5FEB3F0C4}.Release|Any CPU.ActiveCfg = Release|Any CPU
		{1064C157-EFD2-4E76-9A67-E0E5FEB3F0C4}.Release|Any CPU.Build.0 = Release|Any CPU
		{20BB11F0-61C3-42C2-9AFD-160DBE06DF60}.Debug|Any CPU.ActiveCfg = Debug|Any CPU
		{20BB11F0-61C3-42C2-9AFD-160DBE06DF60}.Debug|Any CPU.Build.0 = Debug|Any CPU
		{20BB11F0-61C3-42C2-9AFD-160DBE06DF60}.Release|Any CPU.ActiveCfg = Release|Any CPU
		{20BB11F0-61C3-42C2-9AFD-160DBE06DF60}.Release|Any CPU.Build.0 = Release|Any CPU
	EndGlobalSection
	GlobalSection(SolutionProperties) = preSolution
		HideSolutionNode = FALSE
	EndGlobalSection
	GlobalSection(ExtensibilityGlobals) = postSolution
		SolutionGuid = {E12C636C-9DE1-404F-80BC-4A82014C15B3}
	EndGlobalSection
EndGlobal
